
Microsoft Visual Studio Solution File, Format Version 12.00
# Visual Studio 14
VisualStudioVersion = 14.0.25420.1
MinimumVisualStudioVersion = 10.0.40219.1
Project("{FAE04EC0-301F-11D3-BF4B-00C04F79EFBC}") = "Ekstra Opgave 3 Tolkebestilling", "Ekstra Opgave 3 Tolkebestilling\Ekstra Opgave 3 Tolkebestilling.csproj", "{3896CD61-B3BA-4EC7-994E-74A94762F59C}"
EndProject
Project("{F088123C-0E9E-452A-89E6-6BA2F21D5CAC}") = "Tolkebestilling", "Tolkebestilling\Tolkebestilling.modelproj", "{E6F778A1-E1FC-4510-A400-F03F24193675}"
EndProject
Global
	GlobalSection(SolutionConfigurationPlatforms) = preSolution
		Debug|Any CPU = Debug|Any CPU
		Release|Any CPU = Release|Any CPU
	EndGlobalSection
	GlobalSection(ProjectConfigurationPlatforms) = postSolution
		{3896CD61-B3BA-4EC7-994E-74A94762F59C}.Debug|Any CPU.ActiveCfg = Debug|Any CPU
		{3896CD61-B3BA-4EC7-994E-74A94762F59C}.Debug|Any CPU.Build.0 = Debug|Any CPU
		{3896CD61-B3BA-4EC7-994E-74A94762F59C}.Release|Any CPU.ActiveCfg = Release|Any CPU
		{3896CD61-B3BA-4EC7-994E-74A94762F59C}.Release|Any CPU.Build.0 = Release|Any CPU
		{E6F778A1-E1FC-4510-A400-F03F24193675}.Debug|Any CPU.ActiveCfg = Debug|Any CPU
		{E6F778A1-E1FC-4510-A400-F03F24193675}.Debug|Any CPU.Build.0 = Debug|Any CPU
		{E6F778A1-E1FC-4510-A400-F03F24193675}.Release|Any CPU.ActiveCfg = Release|Any CPU
		{E6F778A1-E1FC-4510-A400-F03F24193675}.Release|Any CPU.Build.0 = Release|Any CPU
	EndGlobalSection
	GlobalSection(SolutionProperties) = preSolution
		HideSolutionNode = FALSE
	EndGlobalSection
EndGlobal
